
Microsoft Visual Studio Solution File, Format Version 12.00
# Visual Studio Version 17
VisualStudioVersion = 17.9.34622.214
MinimumVisualStudioVersion = 10.0.40219.1
Project("{FAE04EC0-301F-11D3-BF4B-00C04F79EFBC}") = "Raktar_Szinkron", "Raktar_Szinkron\Raktar_Szinkron.csproj", "{7E16A278-0E27-4ADD-B600-1EEAE9C6B73C}"
EndProject
Global
	GlobalSection(SolutionConfigurationPlatforms) = preSolution
		Debug|Any CPU = Debug|Any CPU
		Release|Any CPU = Release|Any CPU
	EndGlobalSection
	GlobalSection(ProjectConfigurationPlatforms) = postSolution
		{7E16A278-0E27-4ADD-B600-1EEAE9C6B73C}.Debug|Any CPU.ActiveCfg = Debug|Any CPU
		{7E16A278-0E27-4ADD-B600-1EEAE9C6B73C}.Debug|Any CPU.Build.0 = Debug|Any CPU
		{7E16A278-0E27-4ADD-B600-1EEAE9C6B73C}.Release|Any CPU.ActiveCfg = Release|Any CPU
		{7E16A278-0E27-4ADD-B600-1EEAE9C6B73C}.Release|Any CPU.Build.0 = Release|Any CPU
	EndGlobalSection
	GlobalSection(SolutionProperties) = preSolution
		HideSolutionNode = FALSE
	EndGlobalSection
	GlobalSection(ExtensibilityGlobals) = postSolution
		SolutionGuid = {CE4E0F66-ED95-4D8D-A9D8-082E27B890F9}
	EndGlobalSection
EndGlobal
